lockfileVersion: 5.3

importers:

  .:
    specifiers:
      typescript: ^4.7.2
    devDependencies:
      typescript: 4.7.2

  packages/types:
    specifiers:
      '@type-challenges/utils': ^0.1.1
      ts-toolbelt: ^9.6.0
      type-fest: ^2.13.0
    dependencies:
      ts-toolbelt: 9.6.0
      type-fest: 2.13.0
    devDependencies:
      '@type-challenges/utils': 0.1.1

packages:

  /@type-challenges/utils/0.1.1:
    resolution: {integrity: sha512-A7ljYfBM+FLw+NDyuYvGBJiCEV9c0lPWEAdzfOAkb3JFqfLl0Iv/WhWMMARHiRKlmmiD1g8gz/507yVvHdQUYA==}
    dev: true

  /ts-toolbelt/9.6.0:
    resolution: {integrity: sha512-nsZd8ZeNUzukXPlJmTBwUAuABDe/9qtVDelJeT/qW0ow3ZS3BsQJtNkan1802aM9Uf68/Y8ljw86Hu0h5IUW3w==}
    dev: false

  /type-fest/2.13.0:
    resolution: {integrity: sha512-lPfAm42MxE4/456+QyIaaVBAwgpJb6xZ8PRu09utnhPdWwcyj9vgy6Sq0Z5yNbJ21EdxB5dRU/Qg8bsyAMtlcw==}
    engines: {node: '>=12.20'}
    dev: false

  /typescript/4.7.2:
    resolution: {integrity: sha512-Mamb1iX2FDUpcTRzltPxgWMKy3fhg0TN378ylbktPGPK/99KbDtMQ4W1hwgsbPAsG3a0xKa1vmw4VKZQbkvz5A==}
    engines: {node: '>=4.2.0'}
    hasBin: true
    dev: true
